lockfileVersion: '9.0'

settings:
  autoInstallPeers: true
  excludeLinksFromLockfile: false

importers:

  .:
    dependencies:
      nanocached:
        specifier: link:../../sdk/typescript
        version: link:../../sdk/typescript
    devDependencies:
      '@types/node':
        specifier: ^24.0.0
        version: 24.13.3
      cache-manager:
        specifier: ^5
        version: 5.7.6
      typescript:
        specifier: ^5.9.0
        version: 5.9.3

packages:

  '@types/node@24.13.3':
    resolution: {integrity: sha512-Dh8vAsV36ig5wa9OX4pXvMc9D3Veibfw2wix0CUwYODLD8nkj9UsLjASr49nPg+2eKzxhBV+v7L8pXvT4e639Q==}

  cache-manager@5.7.6:
    resolution: {integrity: sha512-wBxnBHjDxF1RXpHCBD6HGvKER003Ts7IIm0CHpggliHzN1RZditb7rXoduE1rplc2DEFYKxhLKgFuchXMJje9w==}
    engines: {node: '>= 18'}

  eventemitter3@5.0.4:
    resolution: {integrity: sha512-mlsTRyGaPBjPedk6Bvw+aqbsXDtoAyAzm5MO7JgU+yVRyMQ5O8bD4Kcci7BS85f93veegeCPkL8R4GLClnjLFw==}

  lodash.clonedeep@4.5.0:
    resolution: {integrity: sha512-H5ZhCF25riFd9uB5UCkVKo61m3S/xZk1x4wA6yp/L3RFP6Z/eHH1ymQcGLo7J3GMPfm0V/7m1tryHuGVxpqEBQ==}

  lru-cache@10.4.3:
    resolution: {integrity: sha512-JNAzZcXrCt42VGLuYz0zfAzDfAvJWW6AfYlDBQyDV5DClI2m5sAmK+OIO7s59XfsRsWHp02jAJrRadPRGTt6SQ==}

  promise-coalesce@1.5.0:
    resolution: {integrity: sha512-cTJ30U+ur1LD7pMPyQxiKIwxjtAjLsyU7ivRhVWZrX9BNIXtf78pc37vSMc8Vikx7DVzEKNk2SEJ5KWUpSG2ig==}
    engines: {node: '>=16'}

  typescript@5.9.3:
    resolution: {integrity: sha512-jl1vZzPDinLr9eUt3J/t7V6FgNEw9QjvBPdysz9KfQDD41fQrC2Y4vKQdiaUpFT4bXlb1RHhLpp8wtm6M5TgSw==}
    engines: {node: '>=14.17'}
    hasBin: true

  undici-types@7.18.2:
    resolution: {integrity: sha512-AsuCzffGHJybSaRrmr5eHr81mwJU3kjw6M+uprWvCXiNeN9SOGwQ3Jn8jb8m3Z6izVgknn1R0FTCEAP2QrLY/w==}

snapshots:

  '@types/node@24.13.3':
    dependencies:
      undici-types: 7.18.2

  cache-manager@5.7.6:
    dependencies:
      eventemitter3: 5.0.4
      lodash.clonedeep: 4.5.0
      lru-cache: 10.4.3
      promise-coalesce: 1.5.0

  eventemitter3@5.0.4: {}

  lodash.clonedeep@4.5.0: {}

  lru-cache@10.4.3: {}

  promise-coalesce@1.5.0: {}

  typescript@5.9.3: {}

  undici-types@7.18.2: {}
